# This file is automatically @generated by Poetry 2.2.1 and should not be changed by hand.

[[package]]
name = "click"
version = "8.3.1"
description = "Composable command line interface toolkit"
optional = false
python-versions = ">=3.10"
groups = ["main"]
files = [
    {file = "click-8.3.1-py3-none-any.whl", hash = "sha256:981153a64e25f12d547d3426c367a4857371575ee7ad18df2a6183ab0545b2a6"},
    {file = "click-8.3.1.tar.gz", hash = "sha256:12ff4785d337a1bb490bb7e9c2b1ee5da3112e94a8622f26a6c77f5d2fc6842a"},
]

[package.dependencies]
colorama = {version = "*", markers = "platform_system == \"Windows\""}

[[package]]
name = "colorama"
version = "0.4.6"
description = "Cross-platform colored terminal text."
optional = false
python-versions = "!=3.0.*,!=3.1.*,!=3.2.*,!=3.3.*,!=3.4.*,!=3.5.*,!=3.6.*,>=2.7"
groups = ["main", "dev"]
files = [
    {file = "colorama-0.4.6-py2.py3-none-any.whl", hash = "sha256:4f1d9991f5acc0ca119f9d443620b77f9d6b33703e51011c16baf57afb285fc6"},
    {file = "colorama-0.4.6.tar.gz", hash = "sha256:08695f5cb7ed6e0531a20572697297273c47b8cae5a63ffc6d6ed5c201be6e44"},
]
markers = {dev = "sys_platform == \"win32\""}

[[package]]
name = "commonmark"
version = "0.9.1"
description = "Python parser for the CommonMark Markdown spec"
optional = false
python-versions = "*"
groups = ["main"]
files = [
    {file = "commonmark-0.9.1-py2.py3-none-any.whl", hash = "sha256:da2f38c92590f83de410ba1a3cbceafbc74fee9def35f9251ba9a971d6d66fd9"},
    {file = "commonmark-0.9.1.tar.gz", hash = "sha256:452f9dc859be7f06631ddcb328b6919c67984aca654e5fefb3914d54691aed60"},
]

[package.extras]
test = ["flake8 (==3.7.8)", "hypothesis (==3.55.3)"]

[[package]]
name = "dnspython"
version = "2.8.0"
description = "DNS toolkit"
optional = false
python-versions = ">=3.10"
groups = ["main"]
files = [
    {file = "dnspython-2.8.0-py3-none-any.whl", hash = "sha256:01d9bbc4a2d76bf0db7c1f729812ded6d912bd318d3b1cf81d30c0f845dbf3af"},
    {file = "dnspython-2.8.0.tar.gz", hash = "sha256:181d3c6996452cb1189c4046c61599b84a5a86e099562ffde77d26984ff26d0f"},
]

[package.extras]
dev = ["black (>=25.1.0)", "coverage (>=7.0)", "flake8 (>=7)", "hypercorn (>=0.17.0)", "mypy (>=1.17)", "pylint (>=3)", "pytest (>=8.4)", "pytest-cov (>=6.2.0)", "quart-trio (>=0.12.0)", "sphinx (>=8.2.0)", "sphinx-rtd-theme (>=3.0.0)", "twine (>=6.1.0)", "wheel (>=0.45.0)"]
dnssec = ["cryptography (>=45)"]
doh = ["h2 (>=4.2.0)", "httpcore (>=1.0.0)", "httpx (>=0.28.0)"]
doq = ["aioquic (>=1.2.0)"]
idna = ["idna (>=3.10)"]
trio = ["trio (>=0.30)"]
wmi = ["wmi (>=1.5.1) ; platform_system == \"Windows\""]

[[package]]
name = "iniconfig"
version = "2.3.0"
description = "brain-dead simple config-ini parsing"
optional = false
python-versions = ">=3.10"
groups = ["dev"]
files = [
    {file = "iniconfig-2.3.0-py3-none-any.whl", hash = "sha256:f631c04d2c48c52b84d0d0549c99ff3859c98df65b3101406327ecc7d53fbf12"},
    {file = "iniconfig-2.3.0.tar.gz", hash = "sha256:c76315c77db068650d49c5b56314774a7804df16fee4402c1f19d6d15d8c4730"},
]

[[package]]
name = "packaging"
version = "25.0"
description = "Core utilities for Python packages"
optional = false
python-versions = ">=3.8"
groups = ["dev"]
files = [
    {file = "packaging-25.0-py3-none-any.whl", hash = "sha256:29572ef2b1f17581046b3a2227d5c611fb25ec70ca1ba8554b24b0e69331a484"},
    {file = "packaging-25.0.tar.gz", hash = "sha256:d443872c98d677bf60f6a1f2f8c1cb748e8fe762d2bf9d3148b5599295b0fc4f"},
]

[[package]]
name = "pluggy"
version = "1.6.0"
description = "plugin and hook calling mechanisms for python"
optional = false
python-versions = ">=3.9"
groups = ["dev"]
files = [
    {file = "pluggy-1.6.0-py3-none-any.whl", hash = "sha256:e920276dd6813095e9377c0bc5566d94c932c33b27a3e3945d8389c374dd4746"},
    {file = "pluggy-1.6.0.tar.gz", hash = "sha256:7dcc130b76258d33b90f61b658791dede3486c3e6bfb003ee5c9bfb396dd22f3"},
]

[package.extras]
dev = ["pre-commit", "tox"]
testing = ["coverage", "pytest", "pytest-benchmark"]

[[package]]
name = "pydantic"
version = "1.10.24"
description = "Data validation and settings management using python type hints"
optional = false
python-versions = ">=3.7"
groups = ["main"]
files = [
    {file = "pydantic-1.10.24-cp310-cp310-macosx_10_9_x86_64.whl", hash = "sha256:eef07ea2fba12f9188cfa2c50cb3eaa6516b56c33e2a8cc3cd288b4190ee6c0c"},
    {file = "pydantic-1.10.24-cp310-cp310-macosx_11_0_arm64.whl", hash = "sha256:5a42033fac69b9f1f867ecc3a2159f0e94dceb1abfc509ad57e9e88d49774683"},
    {file = "pydantic-1.10.24-cp310-cp310-manylinux_2_17_x86_64.manylinux2014_x86_64.whl", hash = "sha256:c626596c1b95dc6d45f7129f10b6743fbb50f29d942d25a22b2ceead670c067d"},
    {file = "pydantic-1.10.24-cp310-cp310-manylinux_2_5_i686.manylinux1_i686.manylinux_2_17_i686.manylinux2014_i686.whl", hash = "sha256:8057172868b0d98f95e6fcddcc5f75d01570e85c6308702dd2c50ea673bc197b"},
    {file = "pydantic-1.10.24-cp310-cp310-musllinux_1_2_i686.whl", hash = "sha256:82f951210ebcdb778b1d93075af43adcd04e9ebfd4f44b1baa8eeb21fbd71e36"},
    {file = "pydantic-1.10.24-cp310-cp310-musllinux_1_2_x86_64.whl", hash = "sha256:b66e4892d8ae005f436a5c5f1519ecf837574d8414b1c93860fb3c13943d9b37"},
    {file = "pydantic-1.10.24-cp310-cp310-win_amd64.whl", hash = "sha256:50d9f8a207c07f347d4b34806dc576872000d9a60fd481ed9eb78ea8512e0666"},
    {file = "pydantic-1.10.24-cp311-cp311-macosx_10_9_x86_64.whl", hash = "sha256:70152291488f8d2bbcf2027b5c28c27724c78a7949c91b466d28ad75d6d12702"},
    {file = "pydantic-1.10.24-cp311-cp311-macosx_11_0_arm64.whl", hash = "sha256:956b30638272c51c85caaff76851b60db4b339022c0ee6eca677c41e3646255b"},
    {file = "pydantic-1.10.24-cp311-cp311-manylinux_2_17_x86_64.manylinux2014_x86_64.whl", hash = "sha256:bed9d6eea5fabbc6978c42e947190c7bd628ddaff3b56fc963fe696c3710ccd6"},
    {file = "pydantic-1.10.24-cp311-cp311-manylinux_2_5_i686.manylinux1_i686.manylinux_2_17_i686.manylinux2014_i686.whl", hash = "sha256:af8e2b3648128b8cadb1a71e2f8092a6f42d4ca123fad7a8d7ce6db8938b1db3"},
    {file = "pydantic-1.10.24-cp311-cp311-musllinux_1_2_i686.whl", hash = "sha256:076fff9da02ca716e4c8299c68512fdfbeac32fdefc9c160e6f80bdadca0993d"},
    {file = "pydantic-1.10.24-cp311-cp311-musllinux_1_2_x86_64.whl", hash = "sha256:8f2447ca88a7e14fd4d268857521fb37535c53a367b594fa2d7c2551af905993"},
    {file = "pydantic-1.10.24-cp311-cp311-win_amd64.whl", hash = "sha256:58d42a7c344882c00e3bb7c6c8c6f62db2e3aafa671f307271c45ad96e8ccf7a"},
    {file = "pydantic-1.10.24-cp312-cp312-macosx_10_13_x86_64.whl", hash = "sha256:17e7610119483f03954569c18d4de16f4e92f1585f20975414033ac2d4a96624"},
    {file = "pydantic-1.10.24-cp312-cp312-macosx_11_0_arm64.whl", hash = "sha256:e24435a9970dcb2b35648f2cf57505d4bd414fcca1a404c82e28d948183fe0a6"},
    {file = "pydantic-1.10.24-cp312-cp312-manylinux_2_17_x86_64.manylinux2014_x86_64.whl", hash = "sha256:4a9e92b9c78d7f3cfa085c21c110e7000894446e24a836d006aabfc6ae3f1813"},
    {file = "pydantic-1.10.24-cp312-cp312-manylinux_2_5_i686.manylinux1_i686.manylinux_2_17_i686.manylinux2014_i686.whl", hash = "sha256:ef14dfa7c98b314a3e449e92df6f1479cafe74c626952f353ff0176b075070de"},
    {file = "pydantic-1.10.24-cp312-cp312-musllinux_1_2_i686.whl", hash = "sha256:52219b4e70c1db185cfd103a804e416384e1c8950168a2d4f385664c7c35d21a"},
    {file = "pydantic-1.10.24-cp312-cp312-musllinux_1_2_x86_64.whl", hash = "sha256:5ce0986799248082e9a5a026c9b5d2f9fa2e24d2afb9b0eace9104334a58fdc1"},
    {file = "pydantic-1.10.24-cp312-cp312-win_amd64.whl", hash = "sha256:874a78e4ed821258295a472e325eee7de3d91ba7a61d0639ce1b0367a3c63d4c"},
    {file = "pydantic-1.10.24-cp313-cp313-macosx_10_13_x86_64.whl", hash = "sha256:265788a1120285c4955f8b3d52b3ea6a52c7a74db097c4c13a4d3567f0c6df3c"},
    {file = "pydantic-1.10.24-cp313-cp313-macosx_11_0_arm64.whl", hash = "sha256:d255bebd927e5f1e026b32605684f7b6fc36a13e62b07cb97b29027b91657def"},
    {file = "pydantic-1.10.24-cp313-cp313-manylinux_2_17_x86_64.manylinux2014_x86_64.whl", hash = "sha256:d6e45dbc79a44e34c2c83ef1fcb56ff663040474dcf4dfc452db24a1de0f7574"},
    {file = "pydantic-1.10.24-cp313-cp313-manylinux_2_5_i686.manylinux1_i686.manylinux_2_17_i686.manylinux2014_i686.whl", hash = "sha256:af31565b12a7db5bfa5fe8c3a4f8fda4d32f5c2929998b1b241f1c22e9ab6e69"},
    {file = "pydantic-1.10.24-cp313-cp313-musllinux_1_2_i686.whl", hash = "sha256:9c377fc30d9ca40dbff5fd79c5a5e1f0d6fff040fa47a18851bb6b0bd040a5d8"},
    {file = "pydantic-1.10.24-cp313-cp313-musllinux_1_2_x86_64.whl", hash = "sha256:b644d6f14b2ce617d6def21622f9ba73961a16b7dffdba7f6692e2f66fa05d00"},
    {file = "pydantic-1.10.24-cp313-cp313-win_amd64.whl", hash = "sha256:0cbbf306124ae41cc153fdc2559b37faa1bec9a23ef7b082c1756d1315ceffe6"},
    {file = "pydantic-1.10.24-cp37-cp37m-macosx_10_9_x86_64.whl", hash = "sha256:7c8bbad6037a87effe9f3739bdf39851add6e0f7e101d103a601c504892ffa70"},
    {file = "pydantic-1.10.24-cp37-cp37m-manylinux_2_17_x86_64.manylinux2014_x86_64.whl", hash = "sha256:f154a8a46a0d950c055254f8f010ba07e742ac4404a3b6e281a31913ac45ccd0"},
    {file = "pydantic-1.10.24-cp37-cp37m-manylinux_2_5_i686.manylinux1_i686.manylinux_2_17_i686.manylinux2014_i686.whl", hash = "sha256:6f25d2f792afcd874cc8339c1da1cc52739f4f3d52993ed1f6c263ef2afadc47"},
    {file = "pydantic-1.10.24-cp37-cp37m-musllinux_1_2_i686.whl", hash = "sha256:49a6f0178063f15eaea6cbcb2dba04db0b73db9834bc7b1e1c4dbea28c7cd22f"},
    {file = "pydantic-1.10.24-cp37-cp37m-musllinux_1_2_x86_64.whl", hash = "sha256:bb3df10be3c7d264947180615819aeec0916f19650f2ba7309ed1fe546ead0d2"},
    {file = "pydantic-1.10.24-cp37-cp37m-win_amd64.whl", hash = "sha256:fa0ebefc169439267e4b4147c7d458908788367640509ed32c90a91a63ebb579"},
    {file = "pydantic-1.10.24-cp38-cp38-macosx_10_9_x86_64.whl", hash = "sha256:2d1a5ef77efeb54def2695f2b8f4301aae8c7aa2b334bd15f61c18ef54317621"},
    {file = "pydantic-1.10.24-cp38-cp38-macosx_11_0_arm64.whl", hash = "sha256:02f7a25e8949d8ca568e4bcef2ffed7881d7843286e7c3488bdd3b67f092059c"},
    {file = "pydantic-1.10.24-cp38-cp38-manylinux_2_17_x86_64.manylinux2014_x86_64.whl", hash = "sha256:5da2775712dda8b89e701ed2a72d5d81d23dbc6af84089da8a0f61a0be439c8c"},
    {file = "pydantic-1.10.24-cp38-cp38-manylinux_2_5_i686.manylinux1_i686.manylinux_2_17_i686.manylinux2014_i686.whl", hash = "sha256:75259be0558ca3af09192ad7b18557f2e9033ad4cbd48c252131f5292f6374fd"},
    {file = "pydantic-1.10.24-cp38-cp38-musllinux_1_2_i686.whl", hash = "sha256:1a1ae996daa3d43c530b8d0bacc7e2d9cb55e3991f0e6b7cc2cb61a0fb9f6667"},
    {file = "pydantic-1.10.24-cp38-cp38-musllinux_1_2_x86_64.whl", hash = "sha256:34109b0afa63b36eec2f2b115694e48ae5ee52f7d3c1baa0be36f80e586bda52"},
    {file = "pydantic-1.10.24-cp38-cp38-win_amd64.whl", hash = "sha256:4d7336bfcdb8cb58411e6b498772ba2cff84a2ce92f389bae3a8f1bb2c840c49"},
    {file = "pydantic-1.10.24-cp39-cp39-macosx_10_9_x86_64.whl", hash = "sha256:25fb9a69a21d711deb5acefdab9ff8fb49e6cc77fdd46d38217d433bff2e3de2"},
    {file = "pydantic-1.10.24-cp39-cp39-macosx_11_0_arm64.whl", hash = "sha256:6af36a8fb3072526b5b38d3f341b12d8f423188e7d185f130c0079fe02cdec7f"},
    {file = "pydantic-1.10.24-cp39-cp39-manylinux_2_17_x86_64.manylinux2014_x86_64.whl", hash = "sha256:5fc35569dfd15d3b3fc06a22abee0a45fdde0784be644e650a8769cd0b2abd94"},
    {file = "pydantic-1.10.24-cp39-cp39-manylinux_2_5_i686.manylinux1_i686.manylinux_2_17_i686.manylinux2014_i686.whl", hash = "sha256:fac7fbcb65171959973f3136d0792c3d1668bc01fd414738f0898b01f692f1b4"},
    {file = "pydantic-1.10.24-cp39-cp39-musllinux_1_2_i686.whl", hash = "sha256:fc3f4a6544517380658b63b144c7d43d5276a343012913b7e5d18d9fba2f12bb"},
    {file = "pydantic-1.10.24-cp39-cp39-musllinux_1_2_x86_64.whl", hash = "sha256:415c638ca5fd57b915a62dd38c18c8e0afe5adf5527be6f8ce16b4636b616816"},
    {file = "pydantic-1.10.24-cp39-cp39-win_amd64.whl", hash = "sha256:a5bf94042efbc6ab56b18a5921f426ebbeefc04f554a911d76029e7be9057d01"},
    {file = "pydantic-1.10.24-py3-none-any.whl", hash = "sha256:093768eba26db55a88b12f3073017e3fdee319ef60d3aef5c6c04a4e484db193"},
    {file = "pydantic-1.10.24.tar.gz", hash = "sha256:7e6d1af1bd3d2312079f28c9baf2aafb4a452a06b50717526e5ac562e37baa53"},
]

[package.dependencies]
typing-extensions = ">=4.2.0"

[package.extras]
dotenv = ["python-dotenv (>=0.10.4)"]
email = ["email-validator (>=1.0.3)"]

[[package]]
name = "pygments"
version = "2.19.2"
description = "Pygments is a syntax highlighting package written in Python."
optional = false
python-versions = ">=3.8"
groups = ["main"]
files = [
    {file = "pygments-2.19.2-py3-none-any.whl", hash = "sha256:86540386c03d588bb81d44bc3928634ff26449851e99741617ecb9037ee5ec0b"},
    {file = "pygments-2.19.2.tar.gz", hash = "sha256:636cb2477cec7f8952536970bc533bc43743542f70392ae026374600add5b887"},
]

[package.extras]
windows-terminal = ["colorama (>=0.4.6)"]

[[package]]
name = "pymongo"
version = "4.15.5"
description = "PyMongo - the Official MongoDB Python driver"
optional = false
python-versions = ">=3.9"
groups = ["main"]
files = [
    {file = "pymongo-4.15.5-cp310-cp310-macosx_10_9_x86_64.whl", hash = "sha256:a01a2054d50b50c121c720739a2216d855c48726b0002894de9b991cdd68a2a5"},
    {file = "pymongo-4.15.5-cp310-cp310-macosx_11_0_arm64.whl", hash = "sha256:5e57968139d81367117ed7b75d921445a575d4d7e61536f5e860475df92ac0a9"},
    {file = "pymongo-4.15.5-cp310-cp310-manylinux1_i686.manylinux_2_28_i686.manylinux_2_5_i686.whl", hash = "sha256:266aa37e3673e5dcfdd359a81d27131fc133e49cf8e5d9f9f27a5845fac2cd1f"},
    {file = "pymongo-4.15.5-cp310-cp310-manylinux2014_aarch64.manylinux_2_17_aarch64.manylinux_2_28_aarch64.whl", hash = "sha256:2883da6bd0545cc2f12672f6a609b33d48e099a220872ca2bf9bf29fe96a32c3"},
    {file = "pymongo-4.15.5-cp310-cp310-manylinux2014_ppc64le.manylinux_2_17_ppc64le.manylinux_2_28_ppc64le.whl", hash = "sha256:2fc32b354a608ec748d89bbe236b74b967890667eea1af54e92dfd8fbf26df52"},
    {file = "pymongo-4.15.5-cp310-cp310-manylinux2014_s390x.manylinux_2_17_s390x.manylinux_2_28_s390x.whl", hash = "sha256:3c006cbaa4b40d296dd2bb8828976866c876ead4c39032b761dcf26f1ba56fde"},
    {file = "pymongo-4.15.5-cp310-cp310-manylinux2014_x86_64.manylinux_2_17_x86_64.manylinux_2_28_x86_64.whl", hash = "sha256:ce21e3dc5939b83d03f871090d83ac29fef055bd057f8d3074b6cad10f86b04c"},
    {file = "pymongo-4.15.5-cp310-cp310-win32.whl", hash = "sha256:1b545dcf66a9f06e9b501bfb0438e1eb9af67336e8a5cf36c4bc0a5d3fbe7a37"},
    {file = "pymongo-4.15.5-cp310-cp310-win_amd64.whl", hash = "sha256:1ecc544f515f828f05d3c56cd98063ba3ef8b75f534c63de43306d59f1e93fcd"},
    {file = "pymongo-4.15.5-cp310-cp310-win_arm64.whl", hash = "sha256:1151968ab90db146f0591b6c7db27ce4f73c7ffa0bbddc1d7fb7cb14c9f0b967"},
    {file = "pymongo-4.15.5-cp311-cp311-macosx_10_9_x86_64.whl", hash = "sha256:57157a4b936e28e2fbe7017b2f6a751da5e284675cab371f2c596d4e0e4f58f3"},
    {file = "pymongo-4.15.5-cp311-cp311-macosx_11_0_arm64.whl", hash = "sha256:e2a34a7391f4cc54fc584e49db6f7c3929221a9da08b3af2d2689884a5943843"},
    {file = "pymongo-4.15.5-cp311-cp311-manylinux1_i686.manylinux_2_28_i686.manylinux_2_5_i686.whl", hash = "sha256:be040c8cdaf9c2d5ae9ab60a67ecab453ec19d9ccd457a678053fdceab5ee4c8"},
    {file = "pymongo-4.15.5-cp311-cp311-manylinux2014_aarch64.manylinux_2_17_aarch64.manylinux_2_28_aarch64.whl", hash = "sha256:defe93944526b1774265c16acf014689cb1b0b18eb84a7b370083b214f9e18cd"},
    {file = "pymongo-4.15.5-cp311-cp311-manylinux2014_ppc64le.manylinux_2_17_ppc64le.manylinux_2_28_ppc64le.whl", hash = "sha256:816e66116f0ef868eff0463a8b28774af8b547466dbad30c8e82bf0325041848"},
    {file = "pymongo-4.15.5-cp311-cp311-manylinux2014_s390x.manylinux_2_17_s390x.manylinux_2_28_s390x.whl", hash = "sha256:66c7b332532e0f021d784d04488dbf7ed39b7e7d6d5505e282ec8e9cf1025791"},
    {file = "pymongo-4.15.5-cp311-cp311-manylinux2014_x86_64.manylinux_2_17_x86_64.manylinux_2_28_x86_64.whl", hash = "sha256:acc46a9e47efad8c5229e644a3774169013a46ee28ac72d1fa4edd67c0b7ee9b"},
    {file = "pymongo-4.15.5-cp311-cp311-win32.whl", hash = "sha256:b9836c28ba350d8182a51f32ef9bb29f0c40e82ba1dfb9e4371cd4d94338a55d"},
    {file = "pymongo-4.15.5-cp311-cp311-win_amd64.whl", hash = "sha256:3a45876c5c2ab44e2a249fb542eba2a026f60d6ab04c7ef3924eae338d9de790"},
    {file = "pymongo-4.15.5-cp311-cp311-win_arm64.whl", hash = "sha256:e4a48fc5c712b3db85c9987cfa7fde0366b7930018de262919afd9e52cfbc375"},
    {file = "pymongo-4.15.5-cp312-cp312-macosx_10_13_x86_64.whl", hash = "sha256:c33477af1a50d1b4d86555e098fc2cf5992d839ad538dea0c00a8682162b7a75"},
    {file = "pymongo-4.15.5-cp312-cp312-macosx_11_0_arm64.whl", hash = "sha256:e6b30defa4a52d3698cd84d608963a8932f7e9b6ec5130087e7082552ac685e5"},
    {file = "pymongo-4.15.5-cp312-cp312-manylinux1_i686.manylinux_2_28_i686.manylinux_2_5_i686.whl", hash = "sha256:45fec063f5672e6173bcb09b492431e3641cc74399c2b996fcb995881c2cac61"},
    {file = "pymongo-4.15.5-cp312-cp312-manylinux2014_aarch64.manylinux_2_17_aarch64.manylinux_2_28_aarch64.whl", hash = "sha256:b8c6813110c0d9fde18674b7262f47a2270ae46c0ddd05711e6770caa3c9a3fb"},
    {file = "pymongo-4.15.5-cp312-cp312-manylinux2014_ppc64le.manylinux_2_17_ppc64le.manylinux_2_28_ppc64le.whl", hash = "sha256:e8ec48d1db9f44c737b13be4299a1782d5fde3e75423acbbbe927cb37ebbe87d"},
    {file = "pymongo-4.15.5-cp312-cp312-manylinux2014_s390x.manylinux_2_17_s390x.manylinux_2_28_s390x.whl", hash = "sha256:1f410694fdd76631ead7df6544cdeadaf2407179196c3642fced8e48bb21d0a6"},
    {file = "pymongo-4.15.5-cp312-cp312-manylinux2014_x86_64.manylinux_2_17_x86_64.manylinux_2_28_x86_64.whl", hash = "sha256:b8c46765d6ac5727a899190aacdeec7a57f8c93346124ddd7e12633b573e2e65"},
    {file = "pymongo-4.15.5-cp312-cp312-win32.whl", hash = "sha256:647118a58dca7d3547714fc0b383aebf81f5852f4173dfd77dd34e80eea9d29b"},
    {file = "pymongo-4.15.5-cp312-cp312-win_amd64.whl", hash = "sha256:099d3e2dddfc75760c6a8fadfb99c1e88824a99c2c204a829601241dff9da049"},
    {file = "pymongo-4.15.5-cp312-cp312-win_arm64.whl", hash = "sha256:649cb906882c4058f467f334fb277083998ba5672ffec6a95d6700db577fd31a"},
    {file = "pymongo-4.15.5-cp313-cp313-macosx_10_13_x86_64.whl", hash = "sha256:2b736226f9001bbbd02f822acb9b9b6d28319f362f057672dfae2851f7da6125"},
    {file = "pymongo-4.15.5-cp313-cp313-macosx_11_0_arm64.whl", hash = "sha256:60ea9f07fbbcc7c88f922082eb27436dce6756730fdef76a3a9b4c972d0a57a3"},
    {file = "pymongo-4.15.5-cp313-cp313-manylinux1_i686.manylinux_2_28_i686.manylinux_2_5_i686.whl", hash = "sha256:20af63218ae42870eaee31fb8cc4ce9e3af7f04ea02fc98ad751fb7a9c8d7be3"},
    {file = "pymongo-4.15.5-cp313-cp313-manylinux2014_aarch64.manylinux_2_17_aarch64.manylinux_2_28_aarch64.whl", hash = "sha256:20d9c11625392f1f8dec7688de5ce344e110ca695344efa313ae4839f13bd017"},
    {file = "pymongo-4.15.5-cp313-cp313-manylinux2014_ppc64le.manylinux_2_17_ppc64le.manylinux_2_28_ppc64le.whl", hash = "sha256:1202b3e5357b161acb7b7cc98e730288a5c15544e5ef7254b33931cb9a27c36e"},
    {file = "pymongo-4.15.5-cp313-cp313-manylinux2014_s390x.manylinux_2_17_s390x.manylinux_2_28_s390x.whl", hash = "sha256:63af710e9700dbf91abccf119c5f5533b9830286d29edb073803d3b252862c0d"},
    {file = "pymongo-4.15.5-cp313-cp313-manylinux2014_x86_64.manylinux_2_17_x86_64.manylinux_2_28_x86_64.whl", hash = "sha256:f22eeb86861cf7b8ee6886361d52abb88e3cd96c6f6d102e45e2604fc6e9e316"},
    {file = "pymongo-4.15.5-cp313-cp313-win32.whl", hash = "sha256:aad6efe82b085bf77cec2a047ded2c810e93eced3ccf1a8e3faec3317df3cd52"},
    {file = "pymongo-4.15.5-cp313-cp313-win_amd64.whl", hash = "sha256:ccc801f6d71ebee2ec2fb3acc64b218fa7cdb7f57933b2f8eee15396b662a0a0"},
    {file = "pymongo-4.15.5-cp313-cp313-win_arm64.whl", hash = "sha256:f043abdf20845bf29a554e95e4fe18d7d7a463095d6a1547699a12f80da91e02"},
    {file = "pymongo-4.15.5-cp314-cp314-macosx_10_15_x86_64.whl", hash = "sha256:ba0e75a390334221744e2666fd2d4c82419b580c9bc8d6e0d2d61459d263f3af"},
    {file = "pymongo-4.15.5-cp314-cp314-macosx_11_0_arm64.whl", hash = "sha256:853ec7da97642eabaf94d3de4453a86365729327d920af167bf14b2e87b24dce"},
    {file = "pymongo-4.15.5-cp314-cp314-manylinux1_i686.manylinux_2_28_i686.manylinux_2_5_i686.whl", hash = "sha256:7631304106487480ebbd8acbe44ff1e69d1fdc27e83d9753dc1fd227cea10761"},
    {file = "pymongo-4.15.5-cp314-cp314-manylinux2014_aarch64.manylinux_2_17_aarch64.manylinux_2_28_aarch64.whl", hash = "sha256:50505181365eba5d4d35c462870b3614c8eddd0b2407c89377c1a59380640dd9"},
    {file = "pymongo-4.15.5-cp314-cp314-manylinux2014_ppc64le.manylinux_2_17_ppc64le.manylinux_2_28_ppc64le.whl", hash = "sha256:3b75ec7006471299a571d6db1c5609ea4aa9c847a701e9b2953a8ede705d82db"},
    {file = "pymongo-4.15.5-cp314-cp314-manylinux2014_s390x.manylinux_2_17_s390x.manylinux_2_28_s390x.whl", hash = "sha256:c3fc24cb1f4ec60ed83162d4bba0c26abc6c9ae78c928805583673f3b3ea6984"},
    {file = "pymongo-4.15.5-cp314-cp314-manylinux2014_x86_64.manylinux_2_17_x86_64.manylinux_2_28_x86_64.whl", hash = "sha256:21d17bb2934b0640863361c08dd06991f128a97f9bee19425a499227be9ae6b4"},
    {file = "pymongo-4.15.5-cp314-cp314-win32.whl", hash = "sha256:5a3974236cb842b4ef50a5a6bfad9c7d83a713af68ea3592ba240bbcb863305a"},
    {file = "pymongo-4.15.5-cp314-cp314-win_amd64.whl", hash = "sha256:73fa8a7eee44fd95ba7d5cf537340ff3ff34efeb1f7d6790532d0a6ed4dee575"},
    {file = "pymongo-4.15.5-cp314-cp314-win_arm64.whl", hash = "sha256:d41288ca2a3eb9ac7c8cad4ea86ef8d63b69dc46c9b65c2bbd35331ec2a0fc57"},
    {file = "pymongo-4.15.5-cp314-cp314t-macosx_10_15_x86_64.whl", hash = "sha256:552670f0c8bff103656d4e4b1f2c018f789c9de03f7615ed5e547d5b1b83cda0"},
    {file = "pymongo-4.15.5-cp314-cp314t-macosx_11_0_arm64.whl", hash = "sha256:41891b45f6ff1e23cfd1b7fbe40286664ad4507e2d2aa61c6d8c40eb6e11dded"},
    {file = "pymongo-4.15.5-cp314-cp314t-manylinux1_i686.manylinux_2_28_i686.manylinux_2_5_i686.whl", hash = "sha256:524a8a593ae2eb1ec6db761daf0c03f98824e9882ab7df3d458d0c76c7ade255"},
    {file = "pymongo-4.15.5-cp314-cp314t-manylinux2014_aarch64.manylinux_2_17_aarch64.manylinux_2_28_aarch64.whl", hash = "sha256:e7ceb35c41b86711a1b284c604e2b944a2d46cb1b8dd3f8b430a9155491378f2"},
    {file = "pymongo-4.15.5-cp314-cp314t-manylinux2014_ppc64le.manylinux_2_17_ppc64le.manylinux_2_28_ppc64le.whl", hash = "sha256:3be2336715924be3a861b5e40c634376fd6bfe6dd1892d391566aa5a88a31307"},
    {file = "pymongo-4.15.5-cp314-cp314t-manylinux2014_s390x.manylinux_2_17_s390x.manylinux_2_28_s390x.whl", hash = "sha256:d65df9c015e33f74ea9d1abf474971abca21e347a660384f8227dbdab75a33ca"},
    {file = "pymongo-4.15.5-cp314-cp314t-manylinux2014_x86_64.manylinux_2_17_x86_64.manylinux_2_28_x86_64.whl", hash = "sha256:83c05bea05e151754357f8e6bbb80d5accead5110dc58f64e283173c71ec9de2"},
    {file = "pymongo-4.15.5-cp314-cp314t-win32.whl", hash = "sha256:7c285614a3e8570b03174a25db642e449b0e7f77a6c9e487b73b05c9bf228ee6"},
    {file = "pymongo-4.15.5-cp314-cp314t-win_amd64.whl", hash = "sha256:aae7d96f7b2b1a2753349130797543e61e93ee2ace8faa7fbe0565e2eb5d815f"},
    {file = "pymongo-4.15.5-cp314-cp314t-win_arm64.whl", hash = "sha256:576a7d4b99465d38112c72f7f3d345f9d16aeeff0f923a3b298c13e15ab4f0ad"},
    {file = "pymongo-4.15.5-cp39-cp39-macosx_10_9_x86_64.whl", hash = "sha256:092ed5f3a53b546f8350a77976dabb0a11105d6b7c0f86a39934464168c97cff"},
    {file = "pymongo-4.15.5-cp39-cp39-macosx_11_0_arm64.whl", hash = "sha256:5762f6445a611b34eb500260303483520bd73e6816a39503378444d551e92f7c"},
    {file = "pymongo-4.15.5-cp39-cp39-manylinux1_i686.manylinux_2_28_i686.manylinux_2_5_i686.whl", hash = "sha256:397fa40b6d331949debd3e0892c420a81a44e7e0f5a570661910b0c57a7e7431"},
    {file = "pymongo-4.15.5-cp39-cp39-manylinux2014_aarch64.manylinux_2_17_aarch64.manylinux_2_28_aarch64.whl", hash = "sha256:d5710c0e04c37932984241282d3011304c35eb798a0026d84e1bd3525266d026"},
    {file = "pymongo-4.15.5-cp39-cp39-manylinux2014_ppc64le.manylinux_2_17_ppc64le.manylinux_2_28_ppc64le.whl", hash = "sha256:7a476310f3c9bdba08ab4b1d4309ee308a1b9e22823210fd7b48c83709e95ac4"},
    {file = "pymongo-4.15.5-cp39-cp39-manylinux2014_s390x.manylinux_2_17_s390x.manylinux_2_28_s390x.whl", hash = "sha256:db5689bd2c1cf1dc4f4e94ec8a012ea521f9892a85b3c694fa9ace7cdc2d0416"},
    {file = "pymongo-4.15.5-cp39-cp39-manylinux2014_x86_64.manylinux_2_17_x86_64.manylinux_2_28_x86_64.whl", hash = "sha256:1e2623deb5be1b5bc23319ba5ab435b5a526a1e92739ff0e0e9048823f295460"},
    {file = "pymongo-4.15.5-cp39-cp39-win32.whl", hash = "sha256:addaaa62c357e8de3d0fca2fce1acf5b72f4bbf4e7bb35ce1dd68e40e73880f9"},
    {file = "pymongo-4.15.5-cp39-cp39-win_amd64.whl", hash = "sha256:1e4070593ea98bc6def3c84cfc6de28da289e4ed944bb20845f9de9beefb0921"},
    {file = "pymongo-4.15.5-cp39-cp39-win_arm64.whl", hash = "sha256:01227e6bc75a949f7d3303005e27707a0e14a941dc63a183cd449c80e7853fe3"},
    {file = "pymongo-4.15.5.tar.gz", hash = "sha256:3a8d6bf2610abe0c97c567cf98bf5bba3e90ccc93cc03c9dde75fa11e4267b42"},
]

[package.dependencies]
dnspython = ">=1.16.0,<3.0.0"

[package.extras]
aws = ["pymongo-auth-aws (>=1.1.0,<2.0.0)"]
docs = ["furo (==2025.7.19)", "readthedocs-sphinx-search (>=0.3,<1.0)", "sphinx (>=5.3,<9)", "sphinx-autobuild (>=2020.9.1)", "sphinx-rtd-theme (>=2,<4)", "sphinxcontrib-shellcheck (>=1,<2)"]
encryption = ["certifi ; os_name == \"nt\" or sys_platform == \"darwin\"", "pymongo-auth-aws (>=1.1.0,<2.0.0)", "pymongocrypt (>=1.13.0,<2.0.0)"]
gssapi = ["pykerberos ; os_name != \"nt\"", "winkerberos (>=0.5.0) ; os_name == \"nt\""]
ocsp = ["certifi ; os_name == \"nt\" or sys_platform == \"darwin\"", "cryptography (>=2.5)", "pyopenssl (>=17.2.0)", "requests (<3.0.0)", "service-identity (>=18.1.0)"]
snappy = ["python-snappy"]
test = ["pytest (>=8.2)", "pytest-asyncio (>=0.24.0)"]
zstd = ["zstandard"]

[[package]]
name = "pytest"
version = "7.4.4"
description = "pytest: simple powerful testing with Python"
optional = false
python-versions = ">=3.7"
groups = ["dev"]
files = [
    {file = "pytest-7.4.4-py3-none-any.whl", hash = "sha256:b090cdf5ed60bf4c45261be03239c2c1c22df034fbffe691abe93cd80cea01d8"},
    {file = "pytest-7.4.4.tar.gz", hash = "sha256:2cf0005922c6ace4a3e2ec8b4080eb0d9753fdc93107415332f50ce9e7994280"},
]

[package.dependencies]
colorama = {version = "*", markers = "sys_platform == \"win32\""}
iniconfig = "*"
packaging = "*"
pluggy = ">=0.12,<2.0"

[package.extras]
testing = ["argcomplete", "attrs (>=19.2.0)", "hypothesis (>=3.56)", "mock", "nose", "pygments (>=2.7.2)", "requests", "setuptools", "xmlschema"]

[[package]]
name = "rich"
version = "12.6.0"
description = "Render rich text, tables, progress bars, syntax highlighting, markdown and more to the terminal"
optional = false
python-versions = ">=3.6.3,<4.0.0"
groups = ["main"]
files = [
    {file = "rich-12.6.0-py3-none-any.whl", hash = "sha256:a4eb26484f2c82589bd9a17c73d32a010b1e29d89f1604cd9bf3a2097b81bb5e"},
    {file = "rich-12.6.0.tar.gz", hash = "sha256:ba3a3775974105c221d31141f2c116f4fd65c5ceb0698657a11e9f295ec93fd0"},
]

[package.dependencies]
commonmark = ">=0.9.0,<0.10.0"
pygments = ">=2.6.0,<3.0.0"

[package.extras]
jupyter = ["ipywidgets (>=7.5.1,<8.0.0)"]

[[package]]
name = "shellingham"
version = "1.5.4"
description = "Tool to Detect Surrounding Shell"
optional = false
python-versions = ">=3.7"
groups = ["main"]
files = [
    {file = "shellingham-1.5.4-py2.py3-none-any.whl", hash = "sha256:7ecfff8f2fd72616f7481040475a65b2bf8af90a56c89140852d1120324e8686"},
    {file = "shellingham-1.5.4.tar.gz", hash = "sha256:8dbca0739d487e5bd35ab3ca4b36e11c4078f3a234bfce294b0a0291363404de"},
]

[[package]]
name = "typer"
version = "0.7.0"
description = "Typer, build great CLIs. Easy to code. Based on Python type hints."
optional = false
python-versions = ">=3.6"
groups = ["main"]
files = [
    {file = "typer-0.7.0-py3-none-any.whl", hash = "sha256:b5e704f4e48ec263de1c0b3a2387cd405a13767d2f907f44c1a08cbad96f606d"},
    {file = "typer-0.7.0.tar.gz", hash = "sha256:ff797846578a9f2a201b53442aedeb543319466870fbe1c701eab66dd7681165"},
]

[package.dependencies]
click = ">=7.1.1,<9.0.0"
colorama = {version = ">=0.4.3,<0.5.0", optional = true, markers = "extra == \"all\""}
rich = {version = ">=10.11.0,<13.0.0", optional = true, markers = "extra == \"all\""}
shellingham = {version = ">=1.3.0,<2.0.0", optional = true, markers = "extra == \"all\""}

[package.extras]
all = ["colorama (>=0.4.3,<0.5.0)", "rich (>=10.11.0,<13.0.0)", "shellingham (>=1.3.0,<2.0.0)"]
dev = ["autoflake (>=1.3.1,<2.0.0)", "flake8 (>=3.8.3,<4.0.0)", "pre-commit (>=2.17.0,<3.0.0)"]
doc = ["cairosvg (>=2.5.2,<3.0.0)", "mdx-include (>=1.4.1,<2.0.0)", "mkdocs (>=1.1.2,<2.0.0)", "mkdocs-material (>=8.1.4,<9.0.0)", "pillow (>=9.3.0,<10.0.0)"]
test = ["black (>=22.3.0,<23.0.0)", "coverage (>=6.2,<7.0)", "isort (>=5.0.6,<6.0.0)", "mypy (==0.910)", "pytest (>=4.4.0,<8.0.0)", "pytest-cov (>=2.10.0,<5.0.0)", "pytest-sugar (>=0.9.4,<0.10.0)", "pytest-xdist (>=1.32.0,<4.0.0)", "rich (>=10.11.0,<13.0.0)", "shellingham (>=1.3.0,<2.0.0)"]

[[package]]
name = "typing-extensions"
version = "4.15.0"
description = "Backported and Experimental Type Hints for Python 3.9+"
optional = false
python-versions = ">=3.9"
groups = ["main"]
files = [
    {file = "typing_extensions-4.15.0-py3-none-any.whl", hash = "sha256:f0fa19c6845758ab08074a0cfa8b7aecb71c999ca73d62883bc25cc018c4e548"},
    {file = "typing_extensions-4.15.0.tar.gz", hash = "sha256:0cea48d173cc12fa28ecabc3b837ea3cf6f38c6d1136f85cbaaf598984861466"},
]

[metadata]
lock-version = "2.1"
python-versions = "^3.11"
content-hash = "b882f2744e8430dd28dcb08dd8c7bfba146f1a46acef3c2612e1dcc4d0c11edf"
